
Microsoft Visual Studio Solution File, Format Version 12.00
# Visual Studio Version 17
VisualStudioVersion = 17.14.36915.13 d17.14
MinimumVisualStudioVersion = 10.0.40219.1
Project("{FAE04EC0-301F-11D3-BF4B-00C04F79EFBC}") = "TaskManagementApi", "TaskManagementApi\TaskManagementApi.csproj", "{F3CC140E-26C4-4CAC-909B-319593ECB48B}"
EndProject
Global
	GlobalSection(SolutionConfigurationPlatforms) = preSolution
		Debug|Any CPU = Debug|Any CPU
		Release|Any CPU = Release|Any CPU
	EndGlobalSection
	GlobalSection(ProjectConfigurationPlatforms) = postSolution
		{F3CC140E-26C4-4CAC-909B-319593ECB48B}.Debug|Any CPU.ActiveCfg = Debug|Any CPU
		{F3CC140E-26C4-4CAC-909B-319593ECB48B}.Debug|Any CPU.Build.0 = Debug|Any CPU
		{F3CC140E-26C4-4CAC-909B-319593ECB48B}.Release|Any CPU.ActiveCfg = Release|Any CPU
		{F3CC140E-26C4-4CAC-909B-319593ECB48B}.Release|Any CPU.Build.0 = Release|Any CPU
	EndGlobalSection
	GlobalSection(SolutionProperties) = preSolution
		HideSolutionNode = FALSE
	EndGlobalSection
	GlobalSection(ExtensibilityGlobals) = postSolution
		SolutionGuid = {3868BADD-9C38-42AB-8B4E-A60AF962C214}
	EndGlobalSection
EndGlobal
