
Microsoft Visual Studio Solution File, Format Version 12.00
# Visual Studio Version 17
VisualStudioVersion = 17.14.36811.4
MinimumVisualStudioVersion = 10.0.40219.1
Project("{FAE04EC0-301F-11D3-BF4B-00C04F79EFBC}") = "SDMBackend", "SDMBackend\SDMBackend.csproj", "{03ABB92F-0C6B-4E23-99E6-6B7B5011B7AA}"
EndProject
Project("{FAE04EC0-301F-11D3-BF4B-00C04F79EFBC}") = "ConsoleApp1", "ConsoleApp1\ConsoleApp1.csproj", "{92AA418F-E465-4C8C-BCA1-AB548A54EBBD}"
EndProject
Global
	GlobalSection(SolutionConfigurationPlatforms) = preSolution
		Debug|Any CPU = Debug|Any CPU
		Release|Any CPU = Release|Any CPU
	EndGlobalSection
	GlobalSection(ProjectConfigurationPlatforms) = postSolution
		{03ABB92F-0C6B-4E23-99E6-6B7B5011B7AA}.Debug|Any CPU.ActiveCfg = Debug|Any CPU
		{03ABB92F-0C6B-4E23-99E6-6B7B5011B7AA}.Debug|Any CPU.Build.0 = Debug|Any CPU
		{03ABB92F-0C6B-4E23-99E6-6B7B5011B7AA}.Release|Any CPU.ActiveCfg = Release|Any CPU
		{03ABB92F-0C6B-4E23-99E6-6B7B5011B7AA}.Release|Any CPU.Build.0 = Release|Any CPU
		{92AA418F-E465-4C8C-BCA1-AB548A54EBBD}.Debug|Any CPU.ActiveCfg = Debug|Any CPU
		{92AA418F-E465-4C8C-BCA1-AB548A54EBBD}.Debug|Any CPU.Build.0 = Debug|Any CPU
		{92AA418F-E465-4C8C-BCA1-AB548A54EBBD}.Release|Any CPU.ActiveCfg = Release|Any CPU
		{92AA418F-E465-4C8C-BCA1-AB548A54EBBD}.Release|Any CPU.Build.0 = Release|Any CPU
	EndGlobalSection
	GlobalSection(SolutionProperties) = preSolution
		HideSolutionNode = FALSE
	EndGlobalSection
	GlobalSection(ExtensibilityGlobals) = postSolution
		SolutionGuid = {FEA304FD-6124-4C19-81CB-1FB9E58D2A64}
	EndGlobalSection
EndGlobal
